<?xml version="1.0" encoding="utf-8"?>
<Project ToolsVersion="4.0" xmlns="http://schemas.microsoft.com/developer/msbuild/2003">
  <ItemGroup>
    <Filter Include="ソース ファイル">
      <UniqueIdentifier>{4FC737F1-C7A5-4376-A066-2A32D752A2FF}</UniqueIdentifier>
      <Extensions>cpp;c;cc;cxx;c++;cppm;ixx;def;odl;idl;hpj;bat;asm;asmx</Extensions>
    </Filter>
    <Filter Include="ヘッダー ファイル">
      <UniqueIdentifier>{93995380-89BD-4b04-88EB-625FBE52EBFB}</UniqueIdentifier>
      <Extensions>h;hh;hpp;hxx;h++;hm;inl;inc;ipp;xsd</Extensions>
    </Filter>
    <Filter Include="リソース ファイル">
      <UniqueIdentifier>{67DA6AB6-F800-4c08-8B7A-83BB121AAD01}</UniqueIdentifier>
      <Extensions>rc;ico;cur;bmp;dlg;rc2;rct;bin;rgs;gif;jpg;jpeg;jpe;resx;tiff;tif;png;wav;mfcribbon-ms</Extensions>
    </Filter>
  </ItemGroup>
  <ItemGroup>
    <ClCompile Include="ex_func1.c">
      <Filter>ソース ファイル</Filter>
    </ClCompile>
    <ClCompile Include="ex_func2.c">
      <Filter>ソース ファイル</Filter>
    </ClCompile>
    <ClCompile Include="8-1-1.c">
      <Filter>ソース ファイル</Filter>
    </ClCompile>
    <ClCompile Include="8-1-2.c">
      <Filter>ソース ファイル</Filter>
    </ClCompile>
    <ClCompile Include="8-1-3.c">
      <Filter>ソース ファイル</Filter>
    </ClCompile>
    <ClCompile Include="8-1-4.c">
      <Filter>ソース ファイル</Filter>
    </ClCompile>
    <ClCompile Include="250825.8-2-2.電圧表示.c">
      <Filter>ソース ファイル</Filter>
    </ClCompile>
    <ClCompile Include="250825.8-2-1.ワット計算.c">
      <Filter>ソース ファイル</Filter>
    </ClCompile>
    <ClCompile Include="250825.8-2-3.引数16進数戻値表示.c">
      <Filter>ソース ファイル</Filter>
    </ClCompile>
    <ClCompile Include="250825.戻り値練習.8-3-1.c">
      <Filter>ソース ファイル</Filter>
    </ClCompile>
    <ClCompile Include="0825.1関数1機能.8-3-2.c">
      <Filter>ソース ファイル</Filter>
    </ClCompile>
    <ClCompile Include="0825.8-4-1.関数まとめ.c">
      <Filter>ソース ファイル</Filter>
    </ClCompile>
    <ClCompile Include="0825.8-4-2.BMI関数.c">
      <Filter>ソース ファイル</Filter>
    </ClCompile>
    <ClCompile Include="0825.8-4-8長方形出力.c">
      <Filter>ソース ファイル</Filter>
    </ClCompile>
    <ClCompile Include="0829.変数のスコープ.c">
      <Filter>ソース ファイル</Filter>
    </ClCompile>
    <ClCompile Include="0829.8-5-1.変数のスコープや寿命.c">
      <Filter>ソース ファイル</Filter>
    </ClCompile>
    <ClCompile Include="0829.静的変数.c">
      <Filter>ソース ファイル</Filter>
    </ClCompile>
    <ClCompile Include="0829#include文.c">
      <Filter>ソース ファイル</Filter>
    </ClCompile>
    <ClCompile Include="0829.ex_pre1B.c">
      <Filter>ソース ファイル</Filter>
    </ClCompile>
    <ClCompile Include="0829.defineによる置き換え文.c">
      <Filter>ソース ファイル</Filter>
    </ClCompile>
    <ClCompile Include="0829配列%281%29.c">
      <Filter>ソース ファイル</Filter>
    </ClCompile>
    <ClCompile Include="0829.配列%282%29.c">
      <Filter>ソース ファイル</Filter>
    </ClCompile>
  </ItemGroup>
</Project>